{
    "_meta": {
        "hash": {
            "sha256": "1b69520a3c3321589f152e04393306910048c3fa261d2a05f87c1247a30d995b"
        },
        "pipfile-spec": 6,
        "requires": {
            "python_version": "3.9"
        },
        "sources": [
            {
                "name": "pypi",
                "url": "https://pypi.org/simple",
                "verify_ssl": true
            }
        ]
    },
    "default": {
        "gensim": {
            "hashes": [
                "sha256:1932c257de4eccbb64cc40d46e8577a25f5f47b94b96019a969fb36150f11d15",
                "sha256:1ff0171ec5b7473facb1441426a6b41e8ec4599fd62e1820868ab965804e3d4c",
                "sha256:36222dbf89aa57909131fc79654e92c918e1075b9ebd00532c3d23b76b6ce8eb",
                "sha256:39139be83c3128e234216189a094f959ac2b052a808911b0b56d980d5f96981f",
                "sha256:3e34cfe767a8db52812826136d6e94863081fd1456726bd1ff40b4e25965fbb5",
                "sha256:58d9ab570b225f3aafec55286864560a25701f7446af9dbc0ad51aa5f61712fa",
                "sha256:615d2a57efeaf97cd847e95f83b2fc168f9d22f4922aaa9cda9350f05648560c",
                "sha256:66a9574f9f2bbf8fd8e6d7a120443793b96bfd4c153b41f266b6299aa3362de7",
                "sha256:7bbc3d6c80c9fd97b89dfee2f44562b75542f72141f5fbacb91334597485f55c",
                "sha256:804e18d76d9034bc70f93b8407680b7956c99f03914e85e31dd8b296623dc0ed",
                "sha256:8bd89b791e6729a9dd1c345d32fc9e2ba51348cf54fbaa8d49259eb92e719084",
                "sha256:8c6a4b271f4d554fdf14b9cb34d4da6cde7084f7f581c5c6dd5fcac648db35be",
                "sha256:8d0bf4074ff467a0b22c5e4cecfb7d12afcca6246dac515d5a06ab7e4c775f8e",
                "sha256:d4b4ca5d1408e2d89e0ac45cd8a432abf747d5b62eea68e6dccacefa03d759c9",
                "sha256:d812dcdf2bfaf527a09ecf867303c117d6f497233db08f1d8209ffb71aaf3fdb",
                "sha256:ea47999c7da97472fce8f0831a63e4089d85539c8e0cdb895f087aea1eed4a3b",
                "sha256:f6133b0f76d0c262231465936cded8920df88edf079df1e7bfe95f049ad8301e"
            ],
            "index": "pypi",
            "version": "==4.1.2"
        },
        "markovify": {
            "hashes": [
                "sha256:e31c6fcdf4ed12c8e00e39df735ffa0d5546f7515ff4c32e4e0ae23c41f9cba9"
            ],
            "index": "pypi",
            "version": "==0.9.3"
        },
        "numpy": {
            "hashes": [
                "sha256:0b78ecfa070460104934e2caf51694ccd00f37d5e5dbe76f021b1b0b0d221823",
                "sha256:1247ef28387b7bb7f21caf2dbe4767f4f4175df44d30604d42ad9bd701ebb31f",
                "sha256:1403b4e2181fc72664737d848b60e65150f272fe5a1c1cbc16145ed43884065a",
                "sha256:170b2a0805c6891ca78c1d96ee72e4c3ed1ae0a992c75444b6ab20ff038ba2cd",
                "sha256:2e4ed57f45f0aa38beca2a03b6532e70e548faf2debbeb3291cfc9b315d9be8f",
                "sha256:32fe5b12061f6446adcbb32cf4060a14741f9c21e15aaee59a207b6ce6423469",
                "sha256:34f3456f530ae8b44231c63082c8899fe9c983fd9b108c997c4b1c8c2d435333",
                "sha256:4c9c23158b87ed0e70d9a50c67e5c0b3f75bcf2581a8e34668d4e9d7474d76c6",
                "sha256:5d95668e727c75b3f5088ec7700e260f90ec83f488e4c0aaccb941148b2cd377",
                "sha256:615d4e328af7204c13ae3d4df7615a13ff60a49cb0d9106fde07f541207883ca",
                "sha256:69077388c5a4b997442b843dbdc3a85b420fb693ec8e33020bb24d647c164fa5",
                "sha256:74b85a17528ca60cf98381a5e779fc0264b4a88b46025e6bcbe9621f46bb3e63",
                "sha256:81225e58ef5fce7f1d80399575576fc5febec79a8a2742e8ef86d7b03beef49f",
                "sha256:8890b3360f345e8360133bc078d2dacc2843b6ee6059b568781b15b97acbe39f",
                "sha256:92aafa03da8658609f59f18722b88f0a73a249101169e28415b4fa148caf7e41",
                "sha256:9864424631775b0c052f3bd98bc2712d131b3e2cd95d1c0c68b91709170890b0",
                "sha256:9e6f5f50d1eff2f2f752b3089a118aee1ea0da63d56c44f3865681009b0af162",
                "sha256:a3deb31bc84f2b42584b8c4001c85d1934dbfb4030827110bc36bfd11509b7bf",
                "sha256:ad010846cdffe7ec27e3f933397f8a8d6c801a48634f419e3d075db27acf5880",
                "sha256:b1e2312f5b8843a3e4e8224b2b48fe16119617b8fc0a54df8f50098721b5bed2",
                "sha256:bc988afcea53e6156546e5b2885b7efab089570783d9d82caf1cfd323b0bb3dd",
                "sha256:c449eb870616a7b62e097982c622d2577b3dbc800aaf8689254ec6e0197cbf1e",
                "sha256:c74c699b122918a6c4611285cc2cad4a3aafdb135c22a16ec483340ef97d573c",
                "sha256:c885bfc07f77e8fee3dc879152ba993732601f1f11de248d4f357f0ffea6a6d4",
                "sha256:e3c3e990274444031482a31280bf48674441e0a5b55ddb168f3a6db3e0c38ec8",
                "sha256:e4799be6a2d7d3c33699a6f77201836ac975b2e1b98c2a07f66a38f499cb50ce",
                "sha256:e6c76a87633aa3fa16614b61ccedfae45b91df2767cf097aa9c933932a7ed1e0",
                "sha256:e89717274b41ebd568cd7943fc9418eeb49b1785b66031bc8a7f6300463c5898",
                "sha256:f5162ec777ba7138906c9c274353ece5603646c6965570d82905546579573f73",
                "sha256:fde96af889262e85aa033f8ee1d3241e32bf36228318a61f1ace579df4e8170d"
            ],
            "markers": "python_version < '3.11' and python_version >= '3.7'",
            "version": "==1.21.4"
        },
        "scipy": {
            "hashes": [
                "sha256:1437073f1d4664990879aa8f9547524764372e0fef84a077be4b19e82bba7a8d",
                "sha256:17fd991a275e4283453f89d404209aa92059ac68d76d804b4bc1716a3742e1b5",
                "sha256:1ea6233f5a365cb7945b4304bd06323ece3ece85d6a3fa8598d2f53e513467c9",
                "sha256:2d25272c03ee3c0fe5e0dff1bb7889280bb6c9e1766fa9c7bde81ad8a5f78694",
                "sha256:30bdda199667e74b50208a793eb1ba47a04e5e3fa16f5ff06c6f7969ae78e4da",
                "sha256:359b60a0cccd17723b9d5e329a5212a710e771a3ddde800e472fb93732756c46",
                "sha256:39f838ea5ce8da868785193d88d05cf5a6d5c390804ec99de29a28e1dcdd53e6",
                "sha256:4d175ba93e00d8eef8f7cd70d4d88a9106a86800c82ea03cf2268c36d6545483",
                "sha256:5273d832fb9cd5724ee0d335c16a903b923441107dd973d27fc4293075a9f4e3",
                "sha256:54951f51d731c832b1b8885e0a92e89f33d087de7e40d02078bf0d49c7cbdbb5",
                "sha256:74f518ce542533054695f743e4271cb8986b63f95bb51d70fcee4f3929cbff7d",
                "sha256:7b1d0f5f524518f1a86f288443528e4ff4a739c0966db663af4129b7ac7849f8",
                "sha256:82c5befebf54d799d77e5f0205c03030f57f69ba2541baa44d2e6ad138c28cd3",
                "sha256:8482c8e45857ab0a5446eb7460d2307a27cbbe659d6d2257820c6d6eb950fd0f",
                "sha256:87cf3964db0f1cce17aeed5bfc1b89a6b4b07dbfc48e50d21fa3549e00456803",
                "sha256:8b5726a0fedeaa6beb1095e4466998bdd1d1e960b28db9b5a16c89cbd7b2ebf1",
                "sha256:97eb573e361a73a553b915dc195c6f72a08249964b1a33f157f9659f3b6210d1",
                "sha256:a80eb01c43fd98257ec7a49ff5cec0edba32031b5f86503f55399a48cb2c5379",
                "sha256:cac71d5476a6f56b50459da21f6221707e0051ebd428b2137db32ef4a43bb15e",
                "sha256:d86abd1ddf421dea5e9cebfeb4de0d205b3dc04e78249afedba9c6c3b2227ff2",
                "sha256:dc2d1bf41294e63c7302bf499973ac0c7f73c93c01763db43055f6525234bf11",
                "sha256:e08b81fcd9bf98740b58dc6fdd7879e33a64dcb682201c1135f7d4a75216bb05",
                "sha256:e3efe7ef75dfe627b354ab0af0dbc918eadee97cc80ff1aabea6d3e01114ebdd",
                "sha256:fa2dbabaaecdb502641b0b3c00dec05fb475ae48655c66da16c9ed24eda1e711"
            ],
            "markers": "python_version < '3.11' and python_version >= '3.7'",
            "version": "==1.7.2"
        },
        "smart-open": {
            "hashes": [
                "sha256:71d14489da58b60ce12fc3ecb823facc59a8b23cd1b58edb97175640350d3a62",
                "sha256:75abf758717a92a8f53aa96953f0c245c8cedf8e1e4184903db3659b419d4c17"
            ],
            "markers": "python_version >= '3.6' and python_version < '4.0'",
            "version": "==5.2.1"
        },
        "sudachidict-core": {
            "hashes": [
                "sha256:a1df2fbdec18e338a9575d080678ee80485bf4691a983b39eaa348a54f7a084d"
            ],
            "index": "pypi",
            "version": "==20210802.post1"
        },
        "sudachidict-full": {
            "hashes": [
                "sha256:1a5b8f02a8d042c41543862d34fa63eac567eb41b9cb504c2ff8b43eff215259"
            ],
            "index": "pypi",
            "version": "==20210802.post1"
        },
        "sudachidict-small": {
            "hashes": [
                "sha256:9ecd992140f0f60de1b5b508d748ac373991b12af713b6788ec595589df298d2"
            ],
            "index": "pypi",
            "version": "==20210802.post1"
        },
        "sudachipy": {
            "hashes": [
                "sha256:1989092e8bf43f79dd6957e820eaa3aa7e0e9b5833fa769431658b3d3dc93cbe",
                "sha256:1bf682e8b2baf597a5c67f494e2be00eb0f1ad00ceefb831e86050c20d033fe4",
                "sha256:1f61dfc745405b2cb14f9ab68f06dea93a61d4cd0b15f8081256c30cb96863b3",
                "sha256:59d393da636189a5b9d777a334946b3c06272b214956c6394409114c806abb53",
                "sha256:5d7ae02ae14cd34ff51999c0b537f8b169043b141b27c765721c6b3bfc3a687e",
                "sha256:63b426db3671ea45907f7517493a40a519bba2b3b85baea17a2d1a2499cbdbaf",
                "sha256:64811fe31a6bfbd1be04a7cf056a33ccbeb62fa3ee8103360eaee8c0e5f6882f",
                "sha256:6c2d05c1ee8321998e49897a1052725b1d6853e6892dfed7808f3f161dd966af",
                "sha256:7bd8d359987534684da15db0734cc00ee6d174c85253ac7c8add00352aceeb5c",
                "sha256:bde58820a235f04f0dcba90d10d0fa6144054ace806f3f2c8fd21669a23a1eba",
                "sha256:d1ceae235c683844922dbc89757304059bf95bfe4ea973af4049a4481d569418",
                "sha256:d542b8012a6899429797f97c7fbb6283123b2cae2a16c11fc397bf13c95ff405",
                "sha256:db5215f4653e6827338280870f78aee23a5504f13189b301c8645771e0b0325e",
                "sha256:df5214967e80c8124f83f3a1226c91c3281425a3897b4a9023132c2d7f56043b",
                "sha256:f8590d81af2a999006d5692bf40b4c8fcc5ac3c1f9a85de6238e2afbc932ff2d",
                "sha256:f9946296dfbc8e2b3fec557a9859f86b01fdf08a9bc72006a81980505503632a"
            ],
            "index": "pypi",
            "version": "==0.6.0"
        },
        "unidecode": {
            "hashes": [
                "sha256:215fe33c9d1c889fa823ccb66df91b02524eb8cc8c9c80f9c5b8129754d27829",
                "sha256:669898c1528912bcf07f9819dc60df18d057f7528271e31f8ec28cc88ef27504"
            ],
            "markers": "python_version >= '3.5'",
            "version": "==1.3.2"
        }
    },
    "develop": {
        "autopep8": {
            "hashes": [
                "sha256:44f0932855039d2c15c4510d6df665e4730f2b8582704fa48f9c55bd3e17d979",
                "sha256:ed77137193bbac52d029a52c59bec1b0629b5a186c495f1eb21b126ac466083f"
            ],
            "index": "pypi",
            "version": "==1.6.0"
        },
        "flake8": {
            "hashes": [
                "sha256:479b1304f72536a55948cb40a32dce8bb0ffe3501e26eaf292c7e60eb5e0428d",
                "sha256:806e034dda44114815e23c16ef92f95c91e4c71100ff52813adf7132a6ad870d"
            ],
            "index": "pypi",
            "version": "==4.0.1"
        },
        "mccabe": {
            "hashes": [
                "sha256:ab8a6258860da4b6677da4bd2fe5dc2c659cff31b3ee4f7f5d64e79735b80d42",
                "sha256:dd8d182285a0fe56bace7f45b5e7d1a6ebcbf524e8f3bd87eb0f125271b8831f"
            ],
            "version": "==0.6.1"
        },
        "pycodestyle": {
            "hashes": [
                "sha256:720f8b39dde8b293825e7ff02c475f3077124006db4f440dcbc9a20b76548a20",
                "sha256:eddd5847ef438ea1c7870ca7eb78a9d47ce0cdb4851a5523949f2601d0cbbe7f"
            ],
            "markers": "python_version >= '2.7' and python_version not in '3.0, 3.1, 3.2, 3.3, 3.4'",
            "version": "==2.8.0"
        },
        "pyflakes": {
            "hashes": [
                "sha256:05a85c2872edf37a4ed30b0cce2f6093e1d0581f8c19d7393122da7e25b2b24c",
                "sha256:3bb3a3f256f4b7968c9c788781e4ff07dce46bdf12339dcda61053375426ee2e"
            ],
            "markers": "python_version >= '2.7' and python_version not in '3.0, 3.1, 3.2, 3.3'",
            "version": "==2.4.0"
        },
        "toml": {
            "hashes": [
                "sha256:806143ae5bfb6a3c6e736a764057db0e6a0e05e338b5630894a5f779cabb4f9b",
                "sha256:b3bda1d108d5dd99f4a20d24d9c348e91c4db7ab1b749200bded2f839ccbe68f"
            ],
            "markers": "python_version >= '2.6' and python_version not in '3.0, 3.1, 3.2, 3.3'",
            "version": "==0.10.2"
        }
    }
}
